
Microsoft Visual Studio Solution File, Format Version 12.00
# Visual Studio Version 17
VisualStudioVersion = 17.1.32228.430
MinimumVisualStudioVersion = 10.0.40219.1
Project("{FAE04EC0-301F-11D3-BF4B-00C04F79EFBC}") = "proyecto-albumes", "proyecto-albumes\proyecto-albumes.csproj", "{89D2D958-4878-40D7-8FBD-05A171BF9FFF}"
EndProject
Project("{FAE04EC0-301F-11D3-BF4B-00C04F79EFBC}") = "dominio", "dominio\dominio.csproj", "{39D58ABB-C7A5-407C-8CAF-6E4E7629CEDD}"
EndProject
Project("{FAE04EC0-301F-11D3-BF4B-00C04F79EFBC}") = "negocio", "negocio\negocio.csproj", "{5B5CF1C7-100C-4605-B976-78DD31EC201B}"
EndProject
Global
	GlobalSection(SolutionConfigurationPlatforms) = preSolution
		Debug|Any CPU = Debug|Any CPU
		Release|Any CPU = Release|Any CPU
	EndGlobalSection
	GlobalSection(ProjectConfigurationPlatforms) = postSolution
		{89D2D958-4878-40D7-8FBD-05A171BF9FFF}.Debug|Any CPU.ActiveCfg = Debug|Any CPU
		{89D2D958-4878-40D7-8FBD-05A171BF9FFF}.Debug|Any CPU.Build.0 = Debug|Any CPU
		{89D2D958-4878-40D7-8FBD-05A171BF9FFF}.Release|Any CPU.ActiveCfg = Release|Any CPU
		{89D2D958-4878-40D7-8FBD-05A171BF9FFF}.Release|Any CPU.Build.0 = Release|Any CPU
		{39D58ABB-C7A5-407C-8CAF-6E4E7629CEDD}.Debug|Any CPU.ActiveCfg = Debug|Any CPU
		{39D58ABB-C7A5-407C-8CAF-6E4E7629CEDD}.Debug|Any CPU.Build.0 = Debug|Any CPU
		{39D58ABB-C7A5-407C-8CAF-6E4E7629CEDD}.Release|Any CPU.ActiveCfg = Release|Any CPU
		{39D58ABB-C7A5-407C-8CAF-6E4E7629CEDD}.Release|Any CPU.Build.0 = Release|Any CPU
		{5B5CF1C7-100C-4605-B976-78DD31EC201B}.Debug|Any CPU.ActiveCfg = Debug|Any CPU
		{5B5CF1C7-100C-4605-B976-78DD31EC201B}.Debug|Any CPU.Build.0 = Debug|Any CPU
		{5B5CF1C7-100C-4605-B976-78DD31EC201B}.Release|Any CPU.ActiveCfg = Release|Any CPU
		{5B5CF1C7-100C-4605-B976-78DD31EC201B}.Release|Any CPU.Build.0 = Release|Any CPU
	EndGlobalSection
	GlobalSection(SolutionProperties) = preSolution
		HideSolutionNode = FALSE
	EndGlobalSection
	GlobalSection(ExtensibilityGlobals) = postSolution
		SolutionGuid = {BE027C8B-2679-4BC1-A099-74E1DC9F8AD5}
	EndGlobalSection
EndGlobal
